// !$*UTF8*$!
{
	archiveVersion = 1;
	classes = {
	};
	objectVersion = 46;
	objects = {

/* Begin PBXBuildFile section */
		3F52885C1B65D44C004AA112 /* TimeManager.m in Sources */ = {isa = PBXBuildFile; fileRef = 3F52885B1B65D44C004AA112 /* TimeManager.m */; };
		3F52885F1B6617D4004AA112 /* RootViewController.m in Sources */ = {isa = PBXBuildFile; fileRef = 3F52885E1B6617D4004AA112 /* RootViewController.m */; };
		3F56E04E1B60E47E00885D9D /* GameOverScene.m in Sources */ = {isa = PBXBuildFile; fileRef = 3F56E04D1B60E47E00885D9D /* GameOverScene.m */; };
		3F57CE1D1B688C1800FB108E /* 1.caf in Resources */ = {isa = PBXBuildFile; fileRef = 3F57CE1C1B688C1800FB108E /* 1.caf */; };
		3F57CE1F1B688C2C00FB108E /* 3.caf in Resources */ = {isa = PBXBuildFile; fileRef = 3F57CE1E1B688C2C00FB108E /* 3.caf */; };
		3F57CE231B68954200FB108E /* 2.caf in Resources */ = {isa = PBXBuildFile; fileRef = 3F57CE221B68954200FB108E /* 2.caf */; };
		3F75E2771B5F25880035CC4C /* 雅痞.ttf in Resources */ = {isa = PBXBuildFile; fileRef = 3F75E2761B5F25880035CC4C /* 雅痞.ttf */; };
		3F75E27B1B5F36F30035CC4C /* sceneView_ground@2x.png in Resources */ = {isa = PBXBuildFile; fileRef = 3F75E27A1B5F36F30035CC4C /* sceneView_ground@2x.png */; };
		3F75E27D1B5FC2920035CC4C /* perRun.atlas in Resources */ = {isa = PBXBuildFile; fileRef = 3F75E27C1B5FC2920035CC4C /* perRun.atlas */; };
		3FAFFF5B1B5DDDB500FB5E2B /* main.m in Sources */ = {isa = PBXBuildFile; fileRef = 3FAFFF5A1B5DDDB500FB5E2B /* main.m */; };
		3FAFFF5E1B5DDDB500FB5E2B /* AppDelegate.m in Sources */ = {isa = PBXBuildFile; fileRef = 3FAFFF5D1B5DDDB500FB5E2B /* AppDelegate.m */; };
		3FAFFF661B5DDDB500FB5E2B /* GameViewController.m in Sources */ = {isa = PBXBuildFile; fileRef = 3FAFFF651B5DDDB500FB5E2B /* GameViewController.m */; };
		3FAFFF6B1B5DDDB500FB5E2B /* Images.xcassets in Resources */ = {isa = PBXBuildFile; fileRef = 3FAFFF6A1B5DDDB500FB5E2B /* Images.xcassets */; };
		3FAFFF7A1B5DDDB600FB5E2B /* XMAdvGameTests.m in Sources */ = {isa = PBXBuildFile; fileRef = 3FAFFF791B5DDDB600FB5E2B /* XMAdvGameTests.m */; };
		3FAFFF901B5E72C400FB5E2B /* FirstGameScene.m in Sources */ = {isa = PBXBuildFile; fileRef = 3FAFFF8F1B5E72C400FB5E2B /* FirstGameScene.m */; };
		3FAFFF931B5E72D100FB5E2B /* SceondGameScene.m in Sources */ = {isa = PBXBuildFile; fileRef = 3FAFFF921B5E72D100FB5E2B /* SceondGameScene.m */; };
		3FAFFF961B5E72EC00FB5E2B /* ThirdGameScene.m in Sources */ = {isa = PBXBuildFile; fileRef = 3FAFFF951B5E72EC00FB5E2B /* ThirdGameScene.m */; };
		3FAFFF991B5E733900FB5E2B /* FourthGameScene.m in Sources */ = {isa = PBXBuildFile; fileRef = 3FAFFF981B5E733900FB5E2B /* FourthGameScene.m */; };
		3FAFFF9C1B5E735500FB5E2B /* FifthGameScene.m in Sources */ = {isa = PBXBuildFile; fileRef = 3FAFFF9B1B5E735500FB5E2B /* FifthGameScene.m */; };
		3FAFFFA41B5E7B0400FB5E2B /* MenuView.m in Sources */ = {isa = PBXBuildFile; fileRef = 3FAFFFA31B5E7B0400FB5E2B /* MenuView.m */; };
		3FAFFFA71B5E7DD300FB5E2B /* MenuViewController.m in Sources */ = {isa = PBXBuildFile; fileRef = 3FAFFFA61B5E7DD300FB5E2B /* MenuViewController.m */; };
		3FE1C3031B69C0740033E407 /* 标题.png in Resources */ = {isa = PBXBuildFile; fileRef = 3FE1C3021B69C0740033E407 /* 标题.png */; };
		3FF982411B6774D000687F82 /* 开始游戏.png in Resources */ = {isa = PBXBuildFile; fileRef = 3FF982401B6774D000687F82 /* 开始游戏.png */; };
		3FF982461B6775E400687F82 /* 关于游戏.png in Resources */ = {isa = PBXBuildFile; fileRef = 3FF982421B6775E400687F82 /* 关于游戏.png */; };
		3FF982471B6775E400687F82 /* 退出游戏.png in Resources */ = {isa = PBXBuildFile; fileRef = 3FF982431B6775E400687F82 /* 退出游戏.png */; };
		3FF982481B6775E400687F82 /* 重新开始.png in Resources */ = {isa = PBXBuildFile; fileRef = 3FF982441B6775E400687F82 /* 重新开始.png */; };
		3FF982491B6775E400687F82 /* 返回菜单.png in Resources */ = {isa = PBXBuildFile; fileRef = 3FF982451B6775E400687F82 /* 返回菜单.png */; };
/* End PBXBuildFile section */

/* Begin PBXContainerItemProxy section */
		3FAFFF741B5DDDB600FB5E2B /* PBXContainerItemProxy */ = {
			isa = PBXContainerItemProxy;
			containerPortal = 3FAFFF4D1B5DDDB500FB5E2B /* Project object */;
			proxyType = 1;
			remoteGlobalIDString = 3FAFFF541B5DDDB500FB5E2B;
			remoteInfo = XMAdvGame;
		};
/* End PBXContainerItemProxy section */

/* Begin PBXFileReference section */
		3F52885A1B65D44C004AA112 /* TimeManager.h */ = {isa = PBXFileReference; fileEncoding = 4; lastKnownFileType = sourcecode.c.h; path = TimeManager.h; sourceTree = "<group>"; };
		3F52885B1B65D44C004AA112 /* TimeManager.m */ = {isa = PBXFileReference; fileEncoding = 4; lastKnownFileType = sourcecode.c.objc; path = TimeManager.m; sourceTree = "<group>"; };
		3F52885D1B6617D4004AA112 /* RootViewController.h */ = {isa = PBXFileReference; fileEncoding = 4; lastKnownFileType = sourcecode.c.h; path = RootViewController.h; sourceTree = "<group>"; };
		3F52885E1B6617D4004AA112 /* RootViewController.m */ = {isa = PBXFileReference; fileEncoding = 4; lastKnownFileType = sourcecode.c.objc; path = RootViewController.m; sourceTree = "<group>"; };
		3F56E04C1B60E47E00885D9D /* GameOverScene.h */ = {isa = PBXFileReference; fileEncoding = 4; lastKnownFileType = sourcecode.c.h; path = GameOverScene.h; sourceTree = "<group>"; };
		3F56E04D1B60E47E00885D9D /* GameOverScene.m */ = {isa = PBXFileReference; fileEncoding = 4; lastKnownFileType = sourcecode.c.objc; path = GameOverScene.m; sourceTree = "<group>"; };
		3F57CE1C1B688C1800FB108E /* 1.caf */ = {isa = PBXFileReference; lastKnownFileType = file; path = 1.caf; sourceTree = "<group>"; };
		3F57CE1E1B688C2C00FB108E /* 3.caf */ = {isa = PBXFileReference; lastKnownFileType = file; path = 3.caf; sourceTree = "<group>"; };
		3F57CE221B68954200FB108E /* 2.caf */ = {isa = PBXFileReference; lastKnownFileType = file; path = 2.caf; sourceTree = "<group>"; };
		3F75E2761B5F25880035CC4C /* 雅痞.ttf */ = {isa = PBXFileReference; lastKnownFileType = file; path = "雅痞.ttf"; sourceTree = "<group>"; };
		3F75E27A1B5F36F30035CC4C /* sceneView_ground@2x.png */ = {isa = PBXFileReference; lastKnownFileType = image.png; path = "sceneView_ground@2x.png"; sourceTree = "<group>"; };
		3F75E27C1B5FC2920035CC4C /* perRun.atlas */ = {isa = PBXFileReference; lastKnownFileType = folder.skatlas; path = perRun.atlas; sourceTree = "<group>"; };
		3FAFFF551B5DDDB500FB5E2B /* XMAdvGame.app */ = {isa = PBXFileReference; explicitFileType = wrapper.application; includeInIndex = 0; path = XMAdvGame.app; sourceTree = BUILT_PRODUCTS_DIR; };
		3FAFFF591B5DDDB500FB5E2B /* Info.plist */ = {isa = PBXFileReference; lastKnownFileType = text.plist.xml; path = Info.plist; sourceTree = "<group>"; };
		3FAFFF5A1B5DDDB500FB5E2B /* main.m */ = {isa = PBXFileReference; lastKnownFileType = sourcecode.c.objc; path = main.m; sourceTree = "<group>"; };
		3FAFFF5C1B5DDDB500FB5E2B /* AppDelegate.h */ = {isa = PBXFileReference; lastKnownFileType = sourcecode.c.h; path = AppDelegate.h; sourceTree = "<group>"; };
		3FAFFF5D1B5DDDB500FB5E2B /* AppDelegate.m */ = {isa = PBXFileReference; lastKnownFileType = sourcecode.c.objc; path = AppDelegate.m; sourceTree = "<group>"; };
		3FAFFF641B5DDDB500FB5E2B /* GameViewController.h */ = {isa = PBXFileReference; lastKnownFileType = sourcecode.c.h; path = GameViewController.h; sourceTree = "<group>"; };
		3FAFFF651B5DDDB500FB5E2B /* GameViewController.m */ = {isa = PBXFileReference; lastKnownFileType = sourcecode.c.objc; path = GameViewController.m; sourceTree = "<group>"; };
		3FAFFF6A1B5DDDB500FB5E2B /* Images.xcassets */ = {isa = PBXFileReference; lastKnownFileType = folder.assetcatalog; path = Images.xcassets; sourceTree = "<group>"; };
		3FAFFF731B5DDDB600FB5E2B /* XMAdvGameTests.xctest */ = {isa = PBXFileReference; explicitFileType = wrapper.cfbundle; includeInIndex = 0; path = XMAdvGameTests.xctest; sourceTree = BUILT_PRODUCTS_DIR; };
		3FAFFF781B5DDDB600FB5E2B /* Info.plist */ = {isa = PBXFileReference; lastKnownFileType = text.plist.xml; path = Info.plist; sourceTree = "<group>"; };
		3FAFFF791B5DDDB600FB5E2B /* XMAdvGameTests.m */ = {isa = PBXFileReference; lastKnownFileType = sourcecode.c.objc; path = XMAdvGameTests.m; sourceTree = "<group>"; };
		3FAFFF8E1B5E72C400FB5E2B /* FirstGameScene.h */ = {isa = PBXFileReference; fileEncoding = 4; lastKnownFileType = sourcecode.c.h; path = FirstGameScene.h; sourceTree = "<group>"; };
		3FAFFF8F1B5E72C400FB5E2B /* FirstGameScene.m */ = {isa = PBXFileReference; fileEncoding = 4; lastKnownFileType = sourcecode.c.objc; path = FirstGameScene.m; sourceTree = "<group>"; };
		3FAFFF911B5E72D100FB5E2B /* SceondGameScene.h */ = {isa = PBXFileReference; fileEncoding = 4; lastKnownFileType = sourcecode.c.h; path = SceondGameScene.h; sourceTree = "<group>"; };
		3FAFFF921B5E72D100FB5E2B /* SceondGameScene.m */ = {isa = PBXFileReference; fileEncoding = 4; lastKnownFileType = sourcecode.c.objc; path = SceondGameScene.m; sourceTree = "<group>"; };
		3FAFFF941B5E72EC00FB5E2B /* ThirdGameScene.h */ = {isa = PBXFileReference; fileEncoding = 4; lastKnownFileType = sourcecode.c.h; path = ThirdGameScene.h; sourceTree = "<group>"; };
		3FAFFF951B5E72EC00FB5E2B /* ThirdGameScene.m */ = {isa = PBXFileReference; fileEncoding = 4; lastKnownFileType = sourcecode.c.objc; path = ThirdGameScene.m; sourceTree = "<group>"; };
		3FAFFF971B5E733900FB5E2B /* FourthGameScene.h */ = {isa = PBXFileReference; fileEncoding = 4; lastKnownFileType = sourcecode.c.h; path = FourthGameScene.h; sourceTree = "<group>"; };
		3FAFFF981B5E733900FB5E2B /* FourthGameScene.m */ = {isa = PBXFileReference; fileEncoding = 4; lastKnownFileType = sourcecode.c.objc; path = FourthGameScene.m; sourceTree = "<group>"; };
		3FAFFF9A1B5E735500FB5E2B /* FifthGameScene.h */ = {isa = PBXFileReference; fileEncoding = 4; lastKnownFileType = sourcecode.c.h; path = FifthGameScene.h; sourceTree = "<group>"; };
		3FAFFF9B1B5E735500FB5E2B /* FifthGameScene.m */ = {isa = PBXFileReference; fileEncoding = 4; lastKnownFileType = sourcecode.c.objc; path = FifthGameScene.m; sourceTree = "<group>"; };
		3FAFFFA21B5E7B0400FB5E2B /* MenuView.h */ = {isa = PBXFileReference; fileEncoding = 4; lastKnownFileType = sourcecode.c.h; path = MenuView.h; sourceTree = "<group>"; };
		3FAFFFA31B5E7B0400FB5E2B /* MenuView.m */ = {isa = PBXFileReference; fileEncoding = 4; lastKnownFileType = sourcecode.c.objc; path = MenuView.m; sourceTree = "<group>"; };
		3FAFFFA51B5E7DD300FB5E2B /* MenuViewController.h */ = {isa = PBXFileReference; fileEncoding = 4; lastKnownFileType = sourcecode.c.h; path = MenuViewController.h; sourceTree = "<group>"; };
		3FAFFFA61B5E7DD300FB5E2B /* MenuViewController.m */ = {isa = PBXFileReference; fileEncoding = 4; lastKnownFileType = sourcecode.c.objc; path = MenuViewController.m; sourceTree = "<group>"; };
		3FE1C3021B69C0740033E407 /* 标题.png */ = {isa = PBXFileReference; lastKnownFileType = image.png; path = "标题.png"; sourceTree = "<group>"; };
		3FF982401B6774D000687F82 /* 开始游戏.png */ = {isa = PBXFileReference; lastKnownFileType = image.png; path = "开始游戏.png"; sourceTree = "<group>"; };
		3FF982421B6775E400687F82 /* 关于游戏.png */ = {isa = PBXFileReference; lastKnownFileType = image.png; path = "关于游戏.png"; sourceTree = "<group>"; };
		3FF982431B6775E400687F82 /* 退出游戏.png */ = {isa = PBXFileReference; lastKnownFileType = image.png; path = "退出游戏.png"; sourceTree = "<group>"; };
		3FF982441B6775E400687F82 /* 重新开始.png */ = {isa = PBXFileReference; lastKnownFileType = image.png; path = "重新开始.png"; sourceTree = "<group>"; };
		3FF982451B6775E400687F82 /* 返回菜单.png */ = {isa = PBXFileReference; lastKnownFileType = image.png; path = "返回菜单.png"; sourceTree = "<group>"; };
/* End PBXFileReference section */

/* Begin PBXFrameworksBuildPhase section */
		3FAFFF521B5DDDB500FB5E2B /* Frameworks */ = {
			isa = PBXFrameworksBuildPhase;
			buildActionMask = 2147483647;
			files = (
			);
			runOnlyForDeploymentPostprocessing = 0;
		};
		3FAFFF701B5DDDB600FB5E2B /* Frameworks */ = {
			isa = PBXFrameworksBuildPhase;
			buildActionMask = 2147483647;
			files = (
			);
			runOnlyForDeploymentPostprocessing = 0;
		};
/* End PBXFrameworksBuildPhase section */

/* Begin PBXGroup section */
		3F5288591B65D412004AA112 /* Utils */ = {
			isa = PBXGroup;
			children = (
				3F52885A1B65D44C004AA112 /* TimeManager.h */,
				3F52885B1B65D44C004AA112 /* TimeManager.m */,
			);
			name = Utils;
			sourceTree = "<group>";
		};
		3FAFFF4C1B5DDDB500FB5E2B = {
			isa = PBXGroup;
			children = (
				3FAFFF571B5DDDB500FB5E2B /* XMAdvGame */,
				3FAFFF761B5DDDB600FB5E2B /* XMAdvGameTests */,
				3FAFFF561B5DDDB500FB5E2B /* Products */,
			);
			sourceTree = "<group>";
		};
		3FAFFF561B5DDDB500FB5E2B /* Products */ = {
			isa = PBXGroup;
			children = (
				3FAFFF551B5DDDB500FB5E2B /* XMAdvGame.app */,
				3FAFFF731B5DDDB600FB5E2B /* XMAdvGameTests.xctest */,
			);
			name = Products;
			sourceTree = "<group>";
		};
		3FAFFF571B5DDDB500FB5E2B /* XMAdvGame */ = {
			isa = PBXGroup;
			children = (
				3F5288591B65D412004AA112 /* Utils */,
				3FAFFF881B5DE2D300FB5E2B /* Frameworks */,
				3FAFFF871B5DE2C200FB5E2B /* Class */,
				3FAFFF831B5DE1E700FB5E2B /* GameResources */,
				3FAFFF6A1B5DDDB500FB5E2B /* Images.xcassets */,
				3FAFFF581B5DDDB500FB5E2B /* Supporting Files */,
			);
			path = XMAdvGame;
			sourceTree = "<group>";
		};
		3FAFFF581B5DDDB500FB5E2B /* Supporting Files */ = {
			isa = PBXGroup;
			children = (
				3FAFFF591B5DDDB500FB5E2B /* Info.plist */,
				3FAFFF5A1B5DDDB500FB5E2B /* main.m */,
			);
			name = "Supporting Files";
			sourceTree = "<group>";
		};
		3FAFFF761B5DDDB600FB5E2B /* XMAdvGameTests */ = {
			isa = PBXGroup;
			children = (
				3FAFFF791B5DDDB600FB5E2B /* XMAdvGameTests.m */,
				3FAFFF771B5DDDB600FB5E2B /* Supporting Files */,
			);
			path = XMAdvGameTests;
			sourceTree = "<group>";
		};
		3FAFFF771B5DDDB600FB5E2B /* Supporting Files */ = {
			isa = PBXGroup;
			children = (
				3FAFFF781B5DDDB600FB5E2B /* Info.plist */,
			);
			name = "Supporting Files";
			sourceTree = "<group>";
		};
		3FAFFF831B5DE1E700FB5E2B /* GameResources */ = {
			isa = PBXGroup;
			children = (
				3F75E27C1B5FC2920035CC4C /* perRun.atlas */,
				3F75E2761B5F25880035CC4C /* 雅痞.ttf */,
				3FE1C3021B69C0740033E407 /* 标题.png */,
				3FF982401B6774D000687F82 /* 开始游戏.png */,
				3FF982421B6775E400687F82 /* 关于游戏.png */,
				3FF982431B6775E400687F82 /* 退出游戏.png */,
				3FF982441B6775E400687F82 /* 重新开始.png */,
				3FF982451B6775E400687F82 /* 返回菜单.png */,
				3F75E27A1B5F36F30035CC4C /* sceneView_ground@2x.png */,
				3F57CE1C1B688C1800FB108E /* 1.caf */,
				3F57CE221B68954200FB108E /* 2.caf */,
				3F57CE1E1B688C2C00FB108E /* 3.caf */,
			);
			path = GameResources;
			sourceTree = "<group>";
		};
		3FAFFF861B5DE1F200FB5E2B /* AppDelegate */ = {
			isa = PBXGroup;
			children = (
				3FAFFF5C1B5DDDB500FB5E2B /* AppDelegate.h */,
				3FAFFF5D1B5DDDB500FB5E2B /* AppDelegate.m */,
			);
			name = AppDelegate;
			sourceTree = "<group>";
		};
		3FAFFF871B5DE2C200FB5E2B /* Class */ = {
			isa = PBXGroup;
			children = (
				3FAFFF861B5DE1F200FB5E2B /* AppDelegate */,
				3FAFFF8A1B5DE2FB00FB5E2B /* ViewController */,
				3FAFFFA11B5E7AE000FB5E2B /* VIew */,
				3FAFFF891B5DE2EC00FB5E2B /* Scene */,
			);
			name = Class;
			sourceTree = "<group>";
		};
		3FAFFF881B5DE2D300FB5E2B /* Frameworks */ = {
			isa = PBXGroup;
			children = (
			);
			name = Frameworks;
			sourceTree = "<group>";
		};
		3FAFFF891B5DE2EC00FB5E2B /* Scene */ = {
			isa = PBXGroup;
			children = (
				3FAFFF8E1B5E72C400FB5E2B /* FirstGameScene.h */,
				3FAFFF8F1B5E72C400FB5E2B /* FirstGameScene.m */,
				3FAFFF911B5E72D100FB5E2B /* SceondGameScene.h */,
				3FAFFF921B5E72D100FB5E2B /* SceondGameScene.m */,
				3FAFFF941B5E72EC00FB5E2B /* ThirdGameScene.h */,
				3FAFFF951B5E72EC00FB5E2B /* ThirdGameScene.m */,
				3FAFFF971B5E733900FB5E2B /* FourthGameScene.h */,
				3FAFFF981B5E733900FB5E2B /* FourthGameScene.m */,
				3FAFFF9A1B5E735500FB5E2B /* FifthGameScene.h */,
				3FAFFF9B1B5E735500FB5E2B /* FifthGameScene.m */,
				3F56E04C1B60E47E00885D9D /* GameOverScene.h */,
				3F56E04D1B60E47E00885D9D /* GameOverScene.m */,
			);
			name = Scene;
			sourceTree = "<group>";
		};
		3FAFFF8A1B5DE2FB00FB5E2B /* ViewController */ = {
			isa = PBXGroup;
			children = (
				3F52885D1B6617D4004AA112 /* RootViewController.h */,
				3F52885E1B6617D4004AA112 /* RootViewController.m */,
				3FAFFFA51B5E7DD300FB5E2B /* MenuViewController.h */,
				3FAFFFA61B5E7DD300FB5E2B /* MenuViewController.m */,
				3FAFFF641B5DDDB500FB5E2B /* GameViewController.h */,
				3FAFFF651B5DDDB500FB5E2B /* GameViewController.m */,
			);
			name = ViewController;
			sourceTree = "<group>";
		};
		3FAFFFA11B5E7AE000FB5E2B /* VIew */ = {
			isa = PBXGroup;
			children = (
				3FAFFFA21B5E7B0400FB5E2B /* MenuView.h */,
				3FAFFFA31B5E7B0400FB5E2B /* MenuView.m */,
			);
			name = VIew;
			sourceTree = "<group>";
		};
/* End PBXGroup section */

/* Begin PBXNativeTarget section */
		3FAFFF541B5DDDB500FB5E2B /* XMAdvGame */ = {
			isa = PBXNativeTarget;
			buildConfigurationList = 3FAFFF7D1B5DDDB600FB5E2B /* Build configuration list for PBXNativeTarget "XMAdvGame" */;
			buildPhases = (
				3FAFFF511B5DDDB500FB5E2B /* Sources */,
				3FAFFF521B5DDDB500FB5E2B /* Frameworks */,
				3FAFFF531B5DDDB500FB5E2B /* Resources */,
			);
			buildRules = (
			);
			dependencies = (
			);
			name = XMAdvGame;
			productName = XMAdvGame;
			productReference = 3FAFFF551B5DDDB500FB5E2B /* XMAdvGame.app */;
			productType = "com.apple.product-type.application";
		};
		3FAFFF721B5DDDB600FB5E2B /* XMAdvGameTests */ = {
			isa = PBXNativeTarget;
			buildConfigurationList = 3FAFFF801B5DDDB600FB5E2B /* Build configuration list for PBXNativeTarget "XMAdvGameTests" */;
			buildPhases = (
				3FAFFF6F1B5DDDB600FB5E2B /* Sources */,
				3FAFFF701B5DDDB600FB5E2B /* Frameworks */,
				3FAFFF711B5DDDB600FB5E2B /* Resources */,
			);
			buildRules = (
			);
			dependencies = (
				3FAFFF751B5DDDB600FB5E2B /* PBXTargetDependency */,
			);
			name = XMAdvGameTests;
			productName = XMAdvGameTests;
			productReference = 3FAFFF731B5DDDB600FB5E2B /* XMAdvGameTests.xctest */;
			productType = "com.apple.product-type.bundle.unit-test";
		};
/* End PBXNativeTarget section */

/* Begin PBXProject section */
		3FAFFF4D1B5DDDB500FB5E2B /* Project object */ = {
			isa = PBXProject;
			attributes = {
				LastUpgradeCheck = 0620;
				ORGANIZATIONNAME = "龚诚";
				TargetAttributes = {
					3FAFFF541B5DDDB500FB5E2B = {
						CreatedOnToolsVersion = 6.2;
						DevelopmentTeam = 53RW4EDKCW;
					};
					3FAFFF721B5DDDB600FB5E2B = {
						CreatedOnToolsVersion = 6.2;
						DevelopmentTeam = 53RW4EDKCW;
						TestTargetID = 3FAFFF541B5DDDB500FB5E2B;
					};
				};
			};
			buildConfigurationList = 3FAFFF501B5DDDB500FB5E2B /* Build configuration list for PBXProject "XMAdvGame" */;
			compatibilityVersion = "Xcode 3.2";
			developmentRegion = English;
			hasScannedForEncodings = 0;
			knownRegions = (
				en,
				Base,
			);
			mainGroup = 3FAFFF4C1B5DDDB500FB5E2B;
			productRefGroup = 3FAFFF561B5DDDB500FB5E2B /* Products */;
			projectDirPath = "";
			projectRoot = "";
			targets = (
				3FAFFF541B5DDDB500FB5E2B /* XMAdvGame */,
				3FAFFF721B5DDDB600FB5E2B /* XMAdvGameTests */,
			);
		};
/* End PBXProject section */

/* Begin PBXResourcesBuildPhase section */
		3FAFFF531B5DDDB500FB5E2B /* Resources */ = {
			isa = PBXResourcesBuildPhase;
			buildActionMask = 2147483647;
			files = (
				3FE1C3031B69C0740033E407 /* 标题.png in Resources */,
				3F57CE1F1B688C2C00FB108E /* 3.caf in Resources */,
				3FF982411B6774D000687F82 /* 开始游戏.png in Resources */,
				3FF982491B6775E400687F82 /* 返回菜单.png in Resources */,
				3FF982481B6775E400687F82 /* 重新开始.png in Resources */,
				3FAFFF6B1B5DDDB500FB5E2B /* Images.xcassets in Resources */,
				3FF982461B6775E400687F82 /* 关于游戏.png in Resources */,
				3F75E2771B5F25880035CC4C /* 雅痞.ttf in Resources */,
				3F57CE1D1B688C1800FB108E /* 1.caf in Resources */,
				3FF982471B6775E400687F82 /* 退出游戏.png in Resources */,
				3F75E27B1B5F36F30035CC4C /* sceneView_ground@2x.png in Resources */,
				3F75E27D1B5FC2920035CC4C /* perRun.atlas in Resources */,
				3F57CE231B68954200FB108E /* 2.caf in Resources */,
			);
			runOnlyForDeploymentPostprocessing = 0;
		};
		3FAFFF711B5DDDB600FB5E2B /* Resources */ = {
			isa = PBXResourcesBuildPhase;
			buildActionMask = 2147483647;
			files = (
			);
			runOnlyForDeploymentPostprocessing = 0;
		};
/* End PBXResourcesBuildPhase section */

/* Begin PBXSourcesBuildPhase section */
		3FAFFF511B5DDDB500FB5E2B /* Sources */ = {
			isa = PBXSourcesBuildPhase;
			buildActionMask = 2147483647;
			files = (
				3FAFFF931B5E72D100FB5E2B /* SceondGameScene.m in Sources */,
				3FAFFF661B5DDDB500FB5E2B /* GameViewController.m in Sources */,
				3F56E04E1B60E47E00885D9D /* GameOverScene.m in Sources */,
				3FAFFF961B5E72EC00FB5E2B /* ThirdGameScene.m in Sources */,
				3FAFFF991B5E733900FB5E2B /* FourthGameScene.m in Sources */,
				3FAFFF5E1B5DDDB500FB5E2B /* AppDelegate.m in Sources */,
				3FAFFF5B1B5DDDB500FB5E2B /* main.m in Sources */,
				3FAFFF901B5E72C400FB5E2B /* FirstGameScene.m in Sources */,
				3FAFFF9C1B5E735500FB5E2B /* FifthGameScene.m in Sources */,
				3FAFFFA71B5E7DD300FB5E2B /* MenuViewController.m in Sources */,
				3F52885F1B6617D4004AA112 /* RootViewController.m in Sources */,
				3F52885C1B65D44C004AA112 /* TimeManager.m in Sources */,
				3FAFFFA41B5E7B0400FB5E2B /* MenuView.m in Sources */,
			);
			runOnlyForDeploymentPostprocessing = 0;
		};
		3FAFFF6F1B5DDDB600FB5E2B /* Sources */ = {
			isa = PBXSourcesBuildPhase;
			buildActionMask = 2147483647;
			files = (
				3FAFFF7A1B5DDDB600FB5E2B /* XMAdvGameTests.m in Sources */,
			);
			runOnlyForDeploymentPostprocessing = 0;
		};
/* End PBXSourcesBuildPhase section */

/* Begin PBXTargetDependency section */
		3FAFFF751B5DDDB600FB5E2B /* PBXTargetDependency */ = {
			isa = PBXTargetDependency;
			target = 3FAFFF541B5DDDB500FB5E2B /* XMAdvGame */;
			targetProxy = 3FAFFF741B5DDDB600FB5E2B /* PBXContainerItemProxy */;
		};
/* End PBXTargetDependency section */

/* Begin XCBuildConfiguration section */
		3FAFFF7B1B5DDDB600FB5E2B /* Debug */ = {
			isa = XCBuildConfiguration;
			buildSettings = {
				ALWAYS_SEARCH_USER_PATHS = NO;
				CLANG_CXX_LANGUAGE_STANDARD = "gnu++0x";
				CLANG_CXX_LIBRARY = "libc++";
				CLANG_ENABLE_MODULES = YES;
				CLANG_ENABLE_OBJC_ARC = YES;
				CLANG_WARN_BOOL_CONVERSION = YES;
				CLANG_WARN_CONSTANT_CONVERSION = YES;
				CLANG_WARN_DIRECT_OBJC_ISA_USAGE = YES_ERROR;
				CLANG_WARN_EMPTY_BODY = YES;
				CLANG_WARN_ENUM_CONVERSION = YES;
				CLANG_WARN_INT_CONVERSION = YES;
				CLANG_WARN_OBJC_ROOT_CLASS = YES_ERROR;
				CLANG_WARN_UNREACHABLE_CODE = YES;
				CLANG_WARN__DUPLICATE_METHOD_MATCH = YES;
				CODE_SIGN_IDENTITY = "iPhone Distribution: houlei houlei (53RW4EDKCW)";
				"CODE_SIGN_IDENTITY[sdk=iphoneos*]" = "iPhone Distribution: houlei houlei (53RW4EDKCW)";
				COPY_PHASE_STRIP = NO;
				ENABLE_STRICT_OBJC_MSGSEND = YES;
				GCC_C_LANGUAGE_STANDARD = gnu99;
				GCC_DYNAMIC_NO_PIC = NO;
				GCC_OPTIMIZATION_LEVEL = 0;
				GCC_PREPROCESSOR_DEFINITIONS = (
					"DEBUG=1",
					"$(inherited)",
				);
				GCC_SYMBOLS_PRIVATE_EXTERN = NO;
				GCC_WARN_64_TO_32_BIT_CONVERSION = YES;
				GCC_WARN_ABOUT_RETURN_TYPE = YES_ERROR;
				GCC_WARN_UNDECLARED_SELECTOR = YES;
				GCC_WARN_UNINITIALIZED_AUTOS = YES_AGGRESSIVE;
				GCC_WARN_UNUSED_FUNCTION = YES;
				GCC_WARN_UNUSED_VARIABLE = YES;
				IPHONEOS_DEPLOYMENT_TARGET = 7.1;
				MTL_ENABLE_DEBUG_INFO = YES;
				ONLY_ACTIVE_ARCH = YES;
				PROVISIONING_PROFILE = "bd046e79-747d-4f9b-935e-c046a85484f0";
				SDKROOT = iphoneos;
			};
			name = Debug;
		};
		3FAFFF7C1B5DDDB600FB5E2B /* Release */ = {
			isa = XCBuildConfiguration;
			buildSettings = {
				ALWAYS_SEARCH_USER_PATHS = NO;
				CLANG_CXX_LANGUAGE_STANDARD = "gnu++0x";
				CLANG_CXX_LIBRARY = "libc++";
				CLANG_ENABLE_MODULES = YES;
				CLANG_ENABLE_OBJC_ARC = YES;
				CLANG_WARN_BOOL_CONVERSION = YES;
				CLANG_WARN_CONSTANT_CONVERSION = YES;
				CLANG_WARN_DIRECT_OBJC_ISA_USAGE = YES_ERROR;
				CLANG_WARN_EMPTY_BODY = YES;
				CLANG_WARN_ENUM_CONVERSION = YES;
				CLANG_WARN_INT_CONVERSION = YES;
				CLANG_WARN_OBJC_ROOT_CLASS = YES_ERROR;
				CLANG_WARN_UNREACHABLE_CODE = YES;
				CLANG_WARN__DUPLICATE_METHOD_MATCH = YES;
				CODE_SIGN_IDENTITY = "iPhone Distribution: houlei houlei (53RW4EDKCW)";
				"CODE_SIGN_IDENTITY[sdk=iphoneos*]" = "iPhone Distribution: houlei houlei (53RW4EDKCW)";
				COPY_PHASE_STRIP = NO;
				ENABLE_NS_ASSERTIONS = NO;
				ENABLE_STRICT_OBJC_MSGSEND = YES;
				GCC_C_LANGUAGE_STANDARD = gnu99;
				GCC_WARN_64_TO_32_BIT_CONVERSION = YES;
				GCC_WARN_ABOUT_RETURN_TYPE = YES_ERROR;
				GCC_WARN_UNDECLARED_SELECTOR = YES;
				GCC_WARN_UNINITIALIZED_AUTOS = YES_AGGRESSIVE;
				GCC_WARN_UNUSED_FUNCTION = YES;
				GCC_WARN_UNUSED_VARIABLE = YES;
				IPHONEOS_DEPLOYMENT_TARGET = 7.1;
				MTL_ENABLE_DEBUG_INFO = NO;
				PROVISIONING_PROFILE = "bd046e79-747d-4f9b-935e-c046a85484f0";
				SDKROOT = iphoneos;
				VALIDATE_PRODUCT = YES;
			};
			name = Release;
		};
		3FAFFF7E1B5DDDB600FB5E2B /* Debug */ = {
			isa = XCBuildConfiguration;
			buildSettings = {
				ASSETCATALOG_COMPILER_APPICON_NAME = AppIcon;
				ASSETCATALOG_COMPILER_LAUNCHIMAGE_NAME = LaunchImage;
				CODE_SIGN_IDENTITY = "iPhone Distribution: houlei houlei (53RW4EDKCW)";
				"CODE_SIGN_IDENTITY[sdk=iphoneos*]" = "iPhone Distribution: houlei houlei (53RW4EDKCW)";
				INFOPLIST_FILE = XMAdvGame/Info.plist;
				LD_RUNPATH_SEARCH_PATHS = "$(inherited) @executable_path/Frameworks";
				PRODUCT_NAME = "$(TARGET_NAME)";
				PROVISIONING_PROFILE = "bd046e79-747d-4f9b-935e-c046a85484f0";
				TARGETED_DEVICE_FAMILY = "1,2";
			};
			name = Debug;
		};
		3FAFFF7F1B5DDDB600FB5E2B /* Release */ = {
			isa = XCBuildConfiguration;
			buildSettings = {
				ASSETCATALOG_COMPILER_APPICON_NAME = AppIcon;
				ASSETCATALOG_COMPILER_LAUNCHIMAGE_NAME = LaunchImage;
				CODE_SIGN_IDENTITY = "iPhone Distribution: houlei houlei (53RW4EDKCW)";
				"CODE_SIGN_IDENTITY[sdk=iphoneos*]" = "iPhone Distribution: houlei houlei (53RW4EDKCW)";
				INFOPLIST_FILE = XMAdvGame/Info.plist;
				LD_RUNPATH_SEARCH_PATHS = "$(inherited) @executable_path/Frameworks";
				PRODUCT_NAME = "$(TARGET_NAME)";
				PROVISIONING_PROFILE = "bd046e79-747d-4f9b-935e-c046a85484f0";
				TARGETED_DEVICE_FAMILY = "1,2";
			};
			name = Release;
		};
		3FAFFF811B5DDDB600FB5E2B /* Debug */ = {
			isa = XCBuildConfiguration;
			buildSettings = {
				BUNDLE_LOADER = "$(TEST_HOST)";
				CODE_SIGN_IDENTITY = "iPhone Developer";
				"CODE_SIGN_IDENTITY[sdk=iphoneos*]" = "iPhone Developer";
				FRAMEWORK_SEARCH_PATHS = (
					"$(SDKROOT)/Developer/Library/Frameworks",
					"$(inherited)",
				);
				GCC_PREPROCESSOR_DEFINITIONS = (
					"DEBUG=1",
					"$(inherited)",
				);
				INFOPLIST_FILE = XMAdvGameTests/Info.plist;
				LD_RUNPATH_SEARCH_PATHS = "$(inherited) @executable_path/Frameworks @loader_path/Frameworks";
				PRODUCT_NAME = "$(TARGET_NAME)";
				PROVISIONING_PROFILE = "";
				TEST_HOST = "$(BUILT_PRODUCTS_DIR)/XMAdvGame.app/XMAdvGame";
			};
			name = Debug;
		};
		3FAFFF821B5DDDB600FB5E2B /* Release */ = {
			isa = XCBuildConfiguration;
			buildSettings = {
				BUNDLE_LOADER = "$(TEST_HOST)";
				CODE_SIGN_IDENTITY = "iPhone Developer";
				"CODE_SIGN_IDENTITY[sdk=iphoneos*]" = "iPhone Developer";
				FRAMEWORK_SEARCH_PATHS = (
					"$(SDKROOT)/Developer/Library/Frameworks",
					"$(inherited)",
				);
				INFOPLIST_FILE = XMAdvGameTests/Info.plist;
				LD_RUNPATH_SEARCH_PATHS = "$(inherited) @executable_path/Frameworks @loader_path/Frameworks";
				PRODUCT_NAME = "$(TARGET_NAME)";
				PROVISIONING_PROFILE = "";
				TEST_HOST = "$(BUILT_PRODUCTS_DIR)/XMAdvGame.app/XMAdvGame";
			};
			name = Release;
		};
/* End XCBuildConfiguration section */

/* Begin XCConfigurationList section */
		3FAFFF501B5DDDB500FB5E2B /* Build configuration list for PBXProject "XMAdvGame" */ = {
			isa = XCConfigurationList;
			buildConfigurations = (
				3FAFFF7B1B5DDDB600FB5E2B /* Debug */,
				3FAFFF7C1B5DDDB600FB5E2B /* Release */,
			);
			defaultConfigurationIsVisible = 0;
			defaultConfigurationName = Release;
		};
		3FAFFF7D1B5DDDB600FB5E2B /* Build configuration list for PBXNativeTarget "XMAdvGame" */ = {
			isa = XCConfigurationList;
			buildConfigurations = (
				3FAFFF7E1B5DDDB600FB5E2B /* Debug */,
				3FAFFF7F1B5DDDB600FB5E2B /* Release */,
			);
			defaultConfigurationIsVisible = 0;
			defaultConfigurationName = Release;
		};
		3FAFFF801B5DDDB600FB5E2B /* Build configuration list for PBXNativeTarget "XMAdvGameTests" */ = {
			isa = XCConfigurationList;
			buildConfigurations = (
				3FAFFF811B5DDDB600FB5E2B /* Debug */,
				3FAFFF821B5DDDB600FB5E2B /* Release */,
			);
			defaultConfigurationIsVisible = 0;
			defaultConfigurationName = Release;
		};
/* End XCConfigurationList section */
	};
	rootObject = 3FAFFF4D1B5DDDB500FB5E2B /* Project object */;
}
